// !$*UTF8*$!
{
	archiveVersion = 1;
	classes = {
	};
	objectVersion = 56;
	objects = {

/* Begin PBXBuildFile section */
		3E033B8D2B65B6FB0047F868 /* CircularProgressView.swift in Sources */ = {isa = PBXBuildFile; fileRef = 3E033B8C2B65B6FB0047F868 /* CircularProgressView.swift */; };
		3E033B8F2B65BBAC0047F868 /* TopBarStateController.swift in Sources */ = {isa = PBXBuildFile; fileRef = 3E033B8E2B65BBAC0047F868 /* TopBarStateController.swift */; };
		3E04CAAA2C1E364000FEF4F3 /* TopBarFakePill.swift in Sources */ = {isa = PBXBuildFile; fileRef = 3E04CAA92C1E364000FEF4F3 /* TopBarFakePill.swift */; };
		3E04CAAC2C1E375200FEF4F3 /* TopBarPill.swift in Sources */ = {isa = PBXBuildFile; fileRef = 3E04CAAB2C1E375200FEF4F3 /* TopBarPill.swift */; };
		3E11C31D2C1B6E9E00014DCE /* FileUploadViewBottomForm.swift in Sources */ = {isa = PBXBuildFile; fileRef = 3E11C31C2C1B6E9E00014DCE /* FileUploadViewBottomForm.swift */; };
		3E11C31F2C1B6EDF00014DCE /* FileUploadViewBottomButtons.swift in Sources */ = {isa = PBXBuildFile; fileRef = 3E11C31E2C1B6EDF00014DCE /* FileUploadViewBottomButtons.swift */; };
		3E11C3212C1B719B00014DCE /* FileImporter.swift in Sources */ = {isa = PBXBuildFile; fileRef = 3E11C3202C1B719B00014DCE /* FileImporter.swift */; };
		3E1ADB9E2B3F228400F71BE8 /* FileUploader.swift in Sources */ = {isa = PBXBuildFile; fileRef = 3E1ADB9D2B3F228400F71BE8 /* FileUploader.swift */; };
		3E21A2CB2C1FC3C1000E3C02 /* TopBarPillOptions.swift in Sources */ = {isa = PBXBuildFile; fileRef = 3E21A2CA2C1FC3C1000E3C02 /* TopBarPillOptions.swift */; };
		3E2627752C1A0FE300AFFC5C /* UploadForm.swift in Sources */ = {isa = PBXBuildFile; fileRef = 3E2627742C1A0FE300AFFC5C /* UploadForm.swift */; };
		3E2EDAFD2B4F166800467736 /* TopBarView.swift in Sources */ = {isa = PBXBuildFile; fileRef = 3E2EDAFC2B4F166800467736 /* TopBarView.swift */; };
		3E2EDB052B4F1A1100467736 /* Urbanist.ttf in Resources */ = {isa = PBXBuildFile; fileRef = 3E2EDB042B4F1A1100467736 /* Urbanist.ttf */; };
		3E35F0342B6844370049FA55 /* DataUploader.swift in Sources */ = {isa = PBXBuildFile; fileRef = 3E35F0332B6844370049FA55 /* DataUploader.swift */; };
		3E4074DC2B3FB035003F9B7D /* MimeTypes.swift in Sources */ = {isa = PBXBuildFile; fileRef = 3E4074DB2B3FB035003F9B7D /* MimeTypes.swift */; };
		3E46F8202C1CA63900032129 /* URLMimeType.swift in Sources */ = {isa = PBXBuildFile; fileRef = 3E46F81F2C1CA63900032129 /* URLMimeType.swift */; };
		3E48E6642B4FBF4C002E9363 /* Secrets.swift in Sources */ = {isa = PBXBuildFile; fileRef = 3E48E6632B4FBF4C002E9363 /* Secrets.swift */; };
		3E52E0212B5044EB006D5973 /* PhotoUploadViewBottomForm.swift in Sources */ = {isa = PBXBuildFile; fileRef = 3E52E0202B5044EB006D5973 /* PhotoUploadViewBottomForm.swift */; };
		3E58E0152B3E4FCA00E08167 /* FileUploadView.swift in Sources */ = {isa = PBXBuildFile; fileRef = 3E58E0142B3E4FCA00E08167 /* FileUploadView.swift */; };
		3E58E0172B3E4FE300E08167 /* PhotoUploadView.swift in Sources */ = {isa = PBXBuildFile; fileRef = 3E58E0162B3E4FE300E08167 /* PhotoUploadView.swift */; };
		3E58E0192B3E4FF500E08167 /* TwitterUploadView.swift in Sources */ = {isa = PBXBuildFile; fileRef = 3E58E0182B3E4FF500E08167 /* TwitterUploadView.swift */; };
		3E58E01B2B3E511000E08167 /* URLUploadView.swift in Sources */ = {isa = PBXBuildFile; fileRef = 3E58E01A2B3E511000E08167 /* URLUploadView.swift */; };
		3E6718F02B52F5B600DDE298 /* ActionlessLargeButton.swift in Sources */ = {isa = PBXBuildFile; fileRef = 3E6718EF2B52F5B600DDE298 /* ActionlessLargeButton.swift */; };
		3E6718F22B52F7A300DDE298 /* PhotosPickerContentTransferrable.swift in Sources */ = {isa = PBXBuildFile; fileRef = 3E6718F12B52F7A300DDE298 /* PhotosPickerContentTransferrable.swift */; };
		3E68FDBA2BB319F600677D37 /* UploadFormData.swift in Sources */ = {isa = PBXBuildFile; fileRef = 3E68FDB92BB319F600677D37 /* UploadFormData.swift */; };
		3E69FA052B671EAE00F061A9 /* PingResponse.swift in Sources */ = {isa = PBXBuildFile; fileRef = 3E69FA042B671EAE00F061A9 /* PingResponse.swift */; };
		3E69FA072B67202400F061A9 /* TopBarNetworkManager.swift in Sources */ = {isa = PBXBuildFile; fileRef = 3E69FA062B67202400F061A9 /* TopBarNetworkManager.swift */; };
		3E860C0D2B3E87F70065DF70 /* LargeButton.swift in Sources */ = {isa = PBXBuildFile; fileRef = 3E860C0C2B3E87F70065DF70 /* LargeButton.swift */; };
		3E921FDC2C2909D70051EF32 /* FileUploadFormData.swift in Sources */ = {isa = PBXBuildFile; fileRef = 3E921FDB2C2909D70051EF32 /* FileUploadFormData.swift */; };
		3E921FDE2C290A100051EF32 /* PhotoUploadFormData.swift in Sources */ = {isa = PBXBuildFile; fileRef = 3E921FDD2C290A100051EF32 /* PhotoUploadFormData.swift */; };
		3EA383622B4139AC00530FDE /* Alamofire in Frameworks */ = {isa = PBXBuildFile; productRef = 3EA383612B4139AC00530FDE /* Alamofire */; };
		3EA8B61E2C2134C900854393 /* ConfigurationStateController.swift in Sources */ = {isa = PBXBuildFile; fileRef = 3EA8B61D2C2134C900854393 /* ConfigurationStateController.swift */; };
		3EBEA17B2AACDB54005A2995 /* LeitmotifApp.swift in Sources */ = {isa = PBXBuildFile; fileRef = 3EBEA17A2AACDB54005A2995 /* LeitmotifApp.swift */; };
		3EBEA17D2AACDB54005A2995 /* ContentView.swift in Sources */ = {isa = PBXBuildFile; fileRef = 3EBEA17C2AACDB54005A2995 /* ContentView.swift */; };
		3EBEA17F2AACDB55005A2995 /* Assets.xcassets in Resources */ = {isa = PBXBuildFile; fileRef = 3EBEA17E2AACDB55005A2995 /* Assets.xcassets */; };
		3EBEA1822AACDB55005A2995 /* Preview Assets.xcassets in Resources */ = {isa = PBXBuildFile; fileRef = 3EBEA1812AACDB55005A2995 /* Preview Assets.xcassets */; };
		3EBEA18C2AACDFAA005A2995 /* UploadLocations.swift in Sources */ = {isa = PBXBuildFile; fileRef = 3EBEA18B2AACDFAA005A2995 /* UploadLocations.swift */; };
		3EC03CEA2B4F200000244CC9 /* FontLoadingStoryboard.storyboard in Resources */ = {isa = PBXBuildFile; fileRef = 3EC03CE92B4F200000244CC9 /* FontLoadingStoryboard.storyboard */; };
		3ED3DEA52C1E3A3200582860 /* TopBarNavigationTabs.swift in Sources */ = {isa = PBXBuildFile; fileRef = 3ED3DEA42C1E3A3200582860 /* TopBarNavigationTabs.swift */; };
		3EE212B12C26B52300443CD3 /* VideoFrames.swift in Sources */ = {isa = PBXBuildFile; fileRef = 3EE212B02C26B52300443CD3 /* VideoFrames.swift */; };
		3EE2E6AF2C1A0478008D1DF0 /* UploadFormTextField.swift in Sources */ = {isa = PBXBuildFile; fileRef = 3EE2E6AE2C1A0478008D1DF0 /* UploadFormTextField.swift */; };
		3EE2E6B22C1A0656008D1DF0 /* UploadFormLocationPicker.swift in Sources */ = {isa = PBXBuildFile; fileRef = 3EE2E6B12C1A0656008D1DF0 /* UploadFormLocationPicker.swift */; };
		3EE2E6B42C1A06B9008D1DF0 /* PhotoUploadFormBottomButtons.swift in Sources */ = {isa = PBXBuildFile; fileRef = 3EE2E6B32C1A06B9008D1DF0 /* PhotoUploadFormBottomButtons.swift */; };
		3EE2E6B62C1A0779008D1DF0 /* PhotoUploadUtilFunctions.swift in Sources */ = {isa = PBXBuildFile; fileRef = 3EE2E6B52C1A0779008D1DF0 /* PhotoUploadUtilFunctions.swift */; };
		3EEF135A2B7BD2480062D8CE /* ShareViewController.swift in Sources */ = {isa = PBXBuildFile; fileRef = 3EEF13592B7BD2480062D8CE /* ShareViewController.swift */; };
		3EEF13612B7BD2480062D8CE /* ShareExtension.appex in Embed Foundation Extensions */ = {isa = PBXBuildFile; fileRef = 3EEF13572B7BD2480062D8CE /* ShareExtension.appex */; settings = {ATTRIBUTES = (RemoveHeadersOnCopy, ); }; };
		3EF74DEE2B41CB1B008D7720 /* UploadError.swift in Sources */ = {isa = PBXBuildFile; fileRef = 3EF74DED2B41CB1B008D7720 /* UploadError.swift */; };
/* End PBXBuildFile section */

/* Begin PBXContainerItemProxy section */
		3EEF135F2B7BD2480062D8CE /* PBXContainerItemProxy */ = {
			isa = PBXContainerItemProxy;
			containerPortal = 3EBEA16F2AACDB54005A2995 /* Project object */;
			proxyType = 1;
			remoteGlobalIDString = 3EEF13562B7BD2480062D8CE;
			remoteInfo = ShareExtension;
		};
/* End PBXContainerItemProxy section */

/* Begin PBXCopyFilesBuildPhase section */
		3EEF13622B7BD2480062D8CE /* Embed Foundation Extensions */ = {
			isa = PBXCopyFilesBuildPhase;
			buildActionMask = 2147483647;
			dstPath = "";
			dstSubfolderSpec = 13;
			files = (
				3EEF13612B7BD2480062D8CE /* ShareExtension.appex in Embed Foundation Extensions */,
			);
			name = "Embed Foundation Extensions";
			runOnlyForDeploymentPostprocessing = 0;
		};
/* End PBXCopyFilesBuildPhase section */

/* Begin PBXFileReference section */
		3E033B8C2B65B6FB0047F868 /* CircularProgressView.swift */ = {isa = PBXFileReference; lastKnownFileType = sourcecode.swift; path = CircularProgressView.swift; sourceTree = "<group>"; };
		3E033B8E2B65BBAC0047F868 /* TopBarStateController.swift */ = {isa = PBXFileReference; lastKnownFileType = sourcecode.swift; path = TopBarStateController.swift; sourceTree = "<group>"; };
		3E04CAA92C1E364000FEF4F3 /* TopBarFakePill.swift */ = {isa = PBXFileReference; lastKnownFileType = sourcecode.swift; path = TopBarFakePill.swift; sourceTree = "<group>"; };
		3E04CAAB2C1E375200FEF4F3 /* TopBarPill.swift */ = {isa = PBXFileReference; lastKnownFileType = sourcecode.swift; path = TopBarPill.swift; sourceTree = "<group>"; };
		3E11C31C2C1B6E9E00014DCE /* FileUploadViewBottomForm.swift */ = {isa = PBXFileReference; lastKnownFileType = sourcecode.swift; path = FileUploadViewBottomForm.swift; sourceTree = "<group>"; };
		3E11C31E2C1B6EDF00014DCE /* FileUploadViewBottomButtons.swift */ = {isa = PBXFileReference; lastKnownFileType = sourcecode.swift; path = FileUploadViewBottomButtons.swift; sourceTree = "<group>"; };
		3E11C3202C1B719B00014DCE /* FileImporter.swift */ = {isa = PBXFileReference; lastKnownFileType = sourcecode.swift; path = FileImporter.swift; sourceTree = "<group>"; };
		3E1ADB9D2B3F228400F71BE8 /* FileUploader.swift */ = {isa = PBXFileReference; lastKnownFileType = sourcecode.swift; path = FileUploader.swift; sourceTree = "<group>"; };
		3E21A2CA2C1FC3C1000E3C02 /* TopBarPillOptions.swift */ = {isa = PBXFileReference; lastKnownFileType = sourcecode.swift; path = TopBarPillOptions.swift; sourceTree = "<group>"; };
		3E2627742C1A0FE300AFFC5C /* UploadForm.swift */ = {isa = PBXFileReference; lastKnownFileType = sourcecode.swift; path = UploadForm.swift; sourceTree = "<group>"; };
		3E2EDAFC2B4F166800467736 /* TopBarView.swift */ = {isa = PBXFileReference; lastKnownFileType = sourcecode.swift; path = TopBarView.swift; sourceTree = "<group>"; };
		3E2EDB012B4F17E800467736 /* Info.plist */ = {isa = PBXFileReference; lastKnownFileType = text.plist.xml; path = Info.plist; sourceTree = "<group>"; };
		3E2EDB042B4F1A1100467736 /* Urbanist.ttf */ = {isa = PBXFileReference; lastKnownFileType = file; path = Urbanist.ttf; sourceTree = "<group>"; };
		3E35F0332B6844370049FA55 /* DataUploader.swift */ = {isa = PBXFileReference; lastKnownFileType = sourcecode.swift; path = DataUploader.swift; sourceTree = "<group>"; };
		3E4074DB2B3FB035003F9B7D /* MimeTypes.swift */ = {isa = PBXFileReference; lastKnownFileType = sourcecode.swift; path = MimeTypes.swift; sourceTree = "<group>"; };
		3E46F81F2C1CA63900032129 /* URLMimeType.swift */ = {isa = PBXFileReference; lastKnownFileType = sourcecode.swift; path = URLMimeType.swift; sourceTree = "<group>"; };
		3E48E6632B4FBF4C002E9363 /* Secrets.swift */ = {isa = PBXFileReference; lastKnownFileType = sourcecode.swift; path = Secrets.swift; sourceTree = "<group>"; };
		3E52E0202B5044EB006D5973 /* PhotoUploadViewBottomForm.swift */ = {isa = PBXFileReference; lastKnownFileType = sourcecode.swift; path = PhotoUploadViewBottomForm.swift; sourceTree = "<group>"; };
		3E58E0142B3E4FCA00E08167 /* FileUploadView.swift */ = {isa = PBXFileReference; lastKnownFileType = sourcecode.swift; path = FileUploadView.swift; sourceTree = "<group>"; };
		3E58E0162B3E4FE300E08167 /* PhotoUploadView.swift */ = {isa = PBXFileReference; lastKnownFileType = sourcecode.swift; path = PhotoUploadView.swift; sourceTree = "<group>"; };
		3E58E0182B3E4FF500E08167 /* TwitterUploadView.swift */ = {isa = PBXFileReference; lastKnownFileType = sourcecode.swift; path = TwitterUploadView.swift; sourceTree = "<group>"; };
		3E58E01A2B3E511000E08167 /* URLUploadView.swift */ = {isa = PBXFileReference; lastKnownFileType = sourcecode.swift; path = URLUploadView.swift; sourceTree = "<group>"; };
		3E6718EF2B52F5B600DDE298 /* ActionlessLargeButton.swift */ = {isa = PBXFileReference; lastKnownFileType = sourcecode.swift; path = ActionlessLargeButton.swift; sourceTree = "<group>"; };
		3E6718F12B52F7A300DDE298 /* PhotosPickerContentTransferrable.swift */ = {isa = PBXFileReference; lastKnownFileType = sourcecode.swift; path = PhotosPickerContentTransferrable.swift; sourceTree = "<group>"; };
		3E68FDB92BB319F600677D37 /* UploadFormData.swift */ = {isa = PBXFileReference; lastKnownFileType = sourcecode.swift; path = UploadFormData.swift; sourceTree = "<group>"; };
		3E69FA042B671EAE00F061A9 /* PingResponse.swift */ = {isa = PBXFileReference; lastKnownFileType = sourcecode.swift; path = PingResponse.swift; sourceTree = "<group>"; };
		3E69FA062B67202400F061A9 /* TopBarNetworkManager.swift */ = {isa = PBXFileReference; lastKnownFileType = sourcecode.swift; path = TopBarNetworkManager.swift; sourceTree = "<group>"; };
		3E860C0C2B3E87F70065DF70 /* LargeButton.swift */ = {isa = PBXFileReference; lastKnownFileType = sourcecode.swift; path = LargeButton.swift; sourceTree = "<group>"; };
		3E921FDB2C2909D70051EF32 /* FileUploadFormData.swift */ = {isa = PBXFileReference; lastKnownFileType = sourcecode.swift; path = FileUploadFormData.swift; sourceTree = "<group>"; };
		3E921FDD2C290A100051EF32 /* PhotoUploadFormData.swift */ = {isa = PBXFileReference; lastKnownFileType = sourcecode.swift; path = PhotoUploadFormData.swift; sourceTree = "<group>"; };
		3EA8B61D2C2134C900854393 /* ConfigurationStateController.swift */ = {isa = PBXFileReference; lastKnownFileType = sourcecode.swift; path = ConfigurationStateController.swift; sourceTree = "<group>"; };
		3EBEA1772AACDB54005A2995 /* Leitmotif.app */ = {isa = PBXFileReference; explicitFileType = wrapper.application; includeInIndex = 0; path = Leitmotif.app; sourceTree = BUILT_PRODUCTS_DIR; };
		3EBEA17A2AACDB54005A2995 /* LeitmotifApp.swift */ = {isa = PBXFileReference; lastKnownFileType = sourcecode.swift; path = LeitmotifApp.swift; sourceTree = "<group>"; };
		3EBEA17C2AACDB54005A2995 /* ContentView.swift */ = {isa = PBXFileReference; lastKnownFileType = sourcecode.swift; path = ContentView.swift; sourceTree = "<group>"; };
		3EBEA17E2AACDB55005A2995 /* Assets.xcassets */ = {isa = PBXFileReference; lastKnownFileType = folder.assetcatalog; path = Assets.xcassets; sourceTree = "<group>"; };
		3EBEA1812AACDB55005A2995 /* Preview Assets.xcassets */ = {isa = PBXFileReference; lastKnownFileType = folder.assetcatalog; path = "Preview Assets.xcassets"; sourceTree = "<group>"; };
		3EBEA18B2AACDFAA005A2995 /* UploadLocations.swift */ = {isa = PBXFileReference; lastKnownFileType = sourcecode.swift; path = UploadLocations.swift; sourceTree = "<group>"; };
		3EC03CE92B4F200000244CC9 /* FontLoadingStoryboard.storyboard */ = {isa = PBXFileReference; lastKnownFileType = file.storyboard; path = FontLoadingStoryboard.storyboard; sourceTree = "<group>"; };
		3ED3DEA42C1E3A3200582860 /* TopBarNavigationTabs.swift */ = {isa = PBXFileReference; lastKnownFileType = sourcecode.swift; path = TopBarNavigationTabs.swift; sourceTree = "<group>"; };
		3EE212B02C26B52300443CD3 /* VideoFrames.swift */ = {isa = PBXFileReference; lastKnownFileType = sourcecode.swift; path = VideoFrames.swift; sourceTree = "<group>"; };
		3EE2E6AB2C1A0277008D1DF0 /* PrivacyInfo.xcprivacy */ = {isa = PBXFileReference; lastKnownFileType = text.xml; path = PrivacyInfo.xcprivacy; sourceTree = "<group>"; };
		3EE2E6AE2C1A0478008D1DF0 /* UploadFormTextField.swift */ = {isa = PBXFileReference; lastKnownFileType = sourcecode.swift; path = UploadFormTextField.swift; sourceTree = "<group>"; };
		3EE2E6B12C1A0656008D1DF0 /* UploadFormLocationPicker.swift */ = {isa = PBXFileReference; lastKnownFileType = sourcecode.swift; path = UploadFormLocationPicker.swift; sourceTree = "<group>"; };
		3EE2E6B32C1A06B9008D1DF0 /* PhotoUploadFormBottomButtons.swift */ = {isa = PBXFileReference; lastKnownFileType = sourcecode.swift; path = PhotoUploadFormBottomButtons.swift; sourceTree = "<group>"; };
		3EE2E6B52C1A0779008D1DF0 /* PhotoUploadUtilFunctions.swift */ = {isa = PBXFileReference; lastKnownFileType = sourcecode.swift; path = PhotoUploadUtilFunctions.swift; sourceTree = "<group>"; };
		3EEF13572B7BD2480062D8CE /* ShareExtension.appex */ = {isa = PBXFileReference; explicitFileType = "wrapper.app-extension"; includeInIndex = 0; path = ShareExtension.appex; sourceTree = BUILT_PRODUCTS_DIR; };
		3EEF13592B7BD2480062D8CE /* ShareViewController.swift */ = {isa = PBXFileReference; lastKnownFileType = sourcecode.swift; path = ShareViewController.swift; sourceTree = "<group>"; };
		3EEF135E2B7BD2480062D8CE /* Info.plist */ = {isa = PBXFileReference; lastKnownFileType = text.plist.xml; path = Info.plist; sourceTree = "<group>"; };
		3EF74DED2B41CB1B008D7720 /* UploadError.swift */ = {isa = PBXFileReference; lastKnownFileType = sourcecode.swift; path = UploadError.swift; sourceTree = "<group>"; };
/* End PBXFileReference section */

/* Begin PBXFrameworksBuildPhase section */
		3EBEA1742AACDB54005A2995 /* Frameworks */ = {
			isa = PBXFrameworksBuildPhase;
			buildActionMask = 2147483647;
			files = (
				3EA383622B4139AC00530FDE /* Alamofire in Frameworks */,
			);
			runOnlyForDeploymentPostprocessing = 0;
		};
		3EEF13542B7BD2480062D8CE /* Frameworks */ = {
			isa = PBXFrameworksBuildPhase;
			buildActionMask = 2147483647;
			files = (
			);
			runOnlyForDeploymentPostprocessing = 0;
		};
/* End PBXFrameworksBuildPhase section */

/* Begin PBXGroup section */
		3E04CAAD2C1E38BC00FEF4F3 /* TopBar */ = {
			isa = PBXGroup;
			children = (
				3E04CAA92C1E364000FEF4F3 /* TopBarFakePill.swift */,
				3E04CAAB2C1E375200FEF4F3 /* TopBarPill.swift */,
				3E2EDAFC2B4F166800467736 /* TopBarView.swift */,
				3ED3DEA42C1E3A3200582860 /* TopBarNavigationTabs.swift */,
			);
			path = TopBar;
			sourceTree = "<group>";
		};
		3E11C31B2C1B6E8B00014DCE /* Files */ = {
			isa = PBXGroup;
			children = (
				3E58E0142B3E4FCA00E08167 /* FileUploadView.swift */,
				3E11C31C2C1B6E9E00014DCE /* FileUploadViewBottomForm.swift */,
				3E11C31E2C1B6EDF00014DCE /* FileUploadViewBottomButtons.swift */,
				3E11C3202C1B719B00014DCE /* FileImporter.swift */,
				3E1ADB9D2B3F228400F71BE8 /* FileUploader.swift */,
			);
			path = Files;
			sourceTree = "<group>";
		};
		3E2EDB062B4F1A1F00467736 /* Fonts */ = {
			isa = PBXGroup;
			children = (
				3E2EDB042B4F1A1100467736 /* Urbanist.ttf */,
			);
			path = Fonts;
			sourceTree = "<group>";
		};
		3E58E0132B3E4FBF00E08167 /* Views */ = {
			isa = PBXGroup;
			children = (
				3E11C31B2C1B6E8B00014DCE /* Files */,
				3EE2E6AD2C1A0462008D1DF0 /* Form Components */,
				3EE2E6AC2C1A040D008D1DF0 /* Photos */,
				3E6718EF2B52F5B600DDE298 /* ActionlessLargeButton.swift */,
				3E033B8C2B65B6FB0047F868 /* CircularProgressView.swift */,
				3E860C0C2B3E87F70065DF70 /* LargeButton.swift */,
				3E04CAAD2C1E38BC00FEF4F3 /* TopBar */,
				3E58E0182B3E4FF500E08167 /* TwitterUploadView.swift */,
				3E58E01A2B3E511000E08167 /* URLUploadView.swift */,
				3E21A2CA2C1FC3C1000E3C02 /* TopBarPillOptions.swift */,
			);
			path = Views;
			sourceTree = "<group>";
		};
		3E78E14F2B4367FF00D2DCAC /* Uploaders */ = {
			isa = PBXGroup;
			children = (
				3E35F0332B6844370049FA55 /* DataUploader.swift */,
			);
			path = Uploaders;
			sourceTree = "<group>";
		};
		3E921FDA2C2909C40051EF32 /* Form Data Models */ = {
			isa = PBXGroup;
			children = (
				3E921FDB2C2909D70051EF32 /* FileUploadFormData.swift */,
				3E921FDD2C290A100051EF32 /* PhotoUploadFormData.swift */,
			);
			path = "Form Data Models";
			sourceTree = "<group>";
		};
		3EBEA16E2AACDB54005A2995 = {
			isa = PBXGroup;
			children = (
				3EBEA1792AACDB54005A2995 /* Leitmotif */,
				3EEF13582B7BD2480062D8CE /* ShareExtension */,
				3EBEA1782AACDB54005A2995 /* Products */,
			);
			sourceTree = "<group>";
		};
		3EBEA1782AACDB54005A2995 /* Products */ = {
			isa = PBXGroup;
			children = (
				3EBEA1772AACDB54005A2995 /* Leitmotif.app */,
				3EEF13572B7BD2480062D8CE /* ShareExtension.appex */,
			);
			name = Products;
			sourceTree = "<group>";
		};
		3EBEA1792AACDB54005A2995 /* Leitmotif */ = {
			isa = PBXGroup;
			children = (
				3E2EDB062B4F1A1F00467736 /* Fonts */,
				3EBEA1882AACDE3E005A2995 /* Models */,
				3EBEA1802AACDB55005A2995 /* Preview Content */,
				3E78E14F2B4367FF00D2DCAC /* Uploaders */,
				3ED4D7752C1CA59D00BA1B56 /* Util */,
				3E58E0132B3E4FBF00E08167 /* Views */,
				3EBEA17E2AACDB55005A2995 /* Assets.xcassets */,
				3EBEA17C2AACDB54005A2995 /* ContentView.swift */,
				3EC03CE92B4F200000244CC9 /* FontLoadingStoryboard.storyboard */,
				3E2EDB012B4F17E800467736 /* Info.plist */,
				3EBEA17A2AACDB54005A2995 /* LeitmotifApp.swift */,
				3EE2E6AB2C1A0277008D1DF0 /* PrivacyInfo.xcprivacy */,
			);
			path = Leitmotif;
			sourceTree = "<group>";
		};
		3EBEA1802AACDB55005A2995 /* Preview Content */ = {
			isa = PBXGroup;
			children = (
				3EBEA1812AACDB55005A2995 /* Preview Assets.xcassets */,
			);
			path = "Preview Content";
			sourceTree = "<group>";
		};
		3EBEA1882AACDE3E005A2995 /* Models */ = {
			isa = PBXGroup;
			children = (
				3E921FDA2C2909C40051EF32 /* Form Data Models */,
				3E6718F12B52F7A300DDE298 /* PhotosPickerContentTransferrable.swift */,
				3E4074DB2B3FB035003F9B7D /* MimeTypes.swift */,
				3E48E6632B4FBF4C002E9363 /* Secrets.swift */,
				3E033B8E2B65BBAC0047F868 /* TopBarStateController.swift */,
				3EF74DED2B41CB1B008D7720 /* UploadError.swift */,
				3EBEA18B2AACDFAA005A2995 /* UploadLocations.swift */,
				3E69FA042B671EAE00F061A9 /* PingResponse.swift */,
				3E69FA062B67202400F061A9 /* TopBarNetworkManager.swift */,
				3E68FDB92BB319F600677D37 /* UploadFormData.swift */,
				3EA8B61D2C2134C900854393 /* ConfigurationStateController.swift */,
			);
			path = Models;
			sourceTree = "<group>";
		};
		3ED4D7752C1CA59D00BA1B56 /* Util */ = {
			isa = PBXGroup;
			children = (
				3E46F81F2C1CA63900032129 /* URLMimeType.swift */,
				3EE212B02C26B52300443CD3 /* VideoFrames.swift */,
			);
			path = Util;
			sourceTree = "<group>";
		};
		3EE2E6AC2C1A040D008D1DF0 /* Photos */ = {
			isa = PBXGroup;
			children = (
				3EE2E6B32C1A06B9008D1DF0 /* PhotoUploadFormBottomButtons.swift */,
				3E58E0162B3E4FE300E08167 /* PhotoUploadView.swift */,
				3E52E0202B5044EB006D5973 /* PhotoUploadViewBottomForm.swift */,
				3EE2E6B52C1A0779008D1DF0 /* PhotoUploadUtilFunctions.swift */,
			);
			path = Photos;
			sourceTree = "<group>";
		};
		3EE2E6AD2C1A0462008D1DF0 /* Form Components */ = {
			isa = PBXGroup;
			children = (
				3EE2E6AE2C1A0478008D1DF0 /* UploadFormTextField.swift */,
				3EE2E6B12C1A0656008D1DF0 /* UploadFormLocationPicker.swift */,
				3E2627742C1A0FE300AFFC5C /* UploadForm.swift */,
			);
			path = "Form Components";
			sourceTree = "<group>";
		};
		3EEF13582B7BD2480062D8CE /* ShareExtension */ = {
			isa = PBXGroup;
			children = (
				3EEF13592B7BD2480062D8CE /* ShareViewController.swift */,
				3EEF135E2B7BD2480062D8CE /* Info.plist */,
			);
			path = ShareExtension;
			sourceTree = "<group>";
		};
/* End PBXGroup section */

/* Begin PBXNativeTarget section */
		3EBEA1762AACDB54005A2995 /* Leitmotif */ = {
			isa = PBXNativeTarget;
			buildConfigurationList = 3EBEA1852AACDB55005A2995 /* Build configuration list for PBXNativeTarget "Leitmotif" */;
			buildPhases = (
				3EBEA1732AACDB54005A2995 /* Sources */,
				3EBEA1742AACDB54005A2995 /* Frameworks */,
				3EBEA1752AACDB54005A2995 /* Resources */,
				3EEF13622B7BD2480062D8CE /* Embed Foundation Extensions */,
			);
			buildRules = (
			);
			dependencies = (
				3EEF13602B7BD2480062D8CE /* PBXTargetDependency */,
			);
			name = Leitmotif;
			packageProductDependencies = (
				3EA383612B4139AC00530FDE /* Alamofire */,
			);
			productName = Leitmotif;
			productReference = 3EBEA1772AACDB54005A2995 /* Leitmotif.app */;
			productType = "com.apple.product-type.application";
		};
		3EEF13562B7BD2480062D8CE /* ShareExtension */ = {
			isa = PBXNativeTarget;
			buildConfigurationList = 3EEF13652B7BD2480062D8CE /* Build configuration list for PBXNativeTarget "ShareExtension" */;
			buildPhases = (
				3EEF13532B7BD2480062D8CE /* Sources */,
				3EEF13542B7BD2480062D8CE /* Frameworks */,
				3EEF13552B7BD2480062D8CE /* Resources */,
			);
			buildRules = (
			);
			dependencies = (
			);
			name = ShareExtension;
			productName = ShareExtension;
			productReference = 3EEF13572B7BD2480062D8CE /* ShareExtension.appex */;
			productType = "com.apple.product-type.app-extension";
		};
/* End PBXNativeTarget section */

/* Begin PBXProject section */
		3EBEA16F2AACDB54005A2995 /* Project object */ = {
			isa = PBXProject;
			attributes = {
				BuildIndependentTargetsInParallel = 1;
				LastSwiftUpdateCheck = 1520;
				LastUpgradeCheck = 1520;
				TargetAttributes = {
					3EBEA1762AACDB54005A2995 = {
						CreatedOnToolsVersion = 14.3.1;
					};
					3EEF13562B7BD2480062D8CE = {
						CreatedOnToolsVersion = 15.2;
					};
				};
			};
			buildConfigurationList = 3EBEA1722AACDB54005A2995 /* Build configuration list for PBXProject "Leitmotif" */;
			compatibilityVersion = "Xcode 14.0";
			developmentRegion = en;
			hasScannedForEncodings = 0;
			knownRegions = (
				en,
				Base,
			);
			mainGroup = 3EBEA16E2AACDB54005A2995;
			packageReferences = (
				3EA383602B4139AC00530FDE /* XCRemoteSwiftPackageReference "Alamofire" */,
			);
			productRefGroup = 3EBEA1782AACDB54005A2995 /* Products */;
			projectDirPath = "";
			projectRoot = "";
			targets = (
				3EBEA1762AACDB54005A2995 /* Leitmotif */,
				3EEF13562B7BD2480062D8CE /* ShareExtension */,
			);
		};
/* End PBXProject section */

/* Begin PBXResourcesBuildPhase section */
		3EBEA1752AACDB54005A2995 /* Resources */ = {
			isa = PBXResourcesBuildPhase;
			buildActionMask = 2147483647;
			files = (
				3EBEA1822AACDB55005A2995 /* Preview Assets.xcassets in Resources */,
				3EC03CEA2B4F200000244CC9 /* FontLoadingStoryboard.storyboard in Resources */,
				3EBEA17F2AACDB55005A2995 /* Assets.xcassets in Resources */,
				3E2EDB052B4F1A1100467736 /* Urbanist.ttf in Resources */,
			);
			runOnlyForDeploymentPostprocessing = 0;
		};
		3EEF13552B7BD2480062D8CE /* Resources */ = {
			isa = PBXResourcesBuildPhase;
			buildActionMask = 2147483647;
			files = (
			);
			runOnlyForDeploymentPostprocessing = 0;
		};
/* End PBXResourcesBuildPhase section */

/* Begin PBXSourcesBuildPhase section */
		3EBEA1732AACDB54005A2995 /* Sources */ = {
			isa = PBXSourcesBuildPhase;
			buildActionMask = 2147483647;
			files = (
				3E11C31F2C1B6EDF00014DCE /* FileUploadViewBottomButtons.swift in Sources */,
				3EBEA17D2AACDB54005A2995 /* ContentView.swift in Sources */,
				3E69FA052B671EAE00F061A9 /* PingResponse.swift in Sources */,
				3E6718F02B52F5B600DDE298 /* ActionlessLargeButton.swift in Sources */,
				3E46F8202C1CA63900032129 /* URLMimeType.swift in Sources */,
				3EBEA18C2AACDFAA005A2995 /* UploadLocations.swift in Sources */,
				3E58E01B2B3E511000E08167 /* URLUploadView.swift in Sources */,
				3E2EDAFD2B4F166800467736 /* TopBarView.swift in Sources */,
				3E033B8F2B65BBAC0047F868 /* TopBarStateController.swift in Sources */,
				3E68FDBA2BB319F600677D37 /* UploadFormData.swift in Sources */,
				3E11C3212C1B719B00014DCE /* FileImporter.swift in Sources */,
				3E4074DC2B3FB035003F9B7D /* MimeTypes.swift in Sources */,
				3E860C0D2B3E87F70065DF70 /* LargeButton.swift in Sources */,
				3EE2E6AF2C1A0478008D1DF0 /* UploadFormTextField.swift in Sources */,
				3EA8B61E2C2134C900854393 /* ConfigurationStateController.swift in Sources */,
				3E2627752C1A0FE300AFFC5C /* UploadForm.swift in Sources */,
				3E52E0212B5044EB006D5973 /* PhotoUploadViewBottomForm.swift in Sources */,
				3EBEA17B2AACDB54005A2995 /* LeitmotifApp.swift in Sources */,
				3EE2E6B62C1A0779008D1DF0 /* PhotoUploadUtilFunctions.swift in Sources */,
				3E033B8D2B65B6FB0047F868 /* CircularProgressView.swift in Sources */,
				3E1ADB9E2B3F228400F71BE8 /* FileUploader.swift in Sources */,
				3E48E6642B4FBF4C002E9363 /* Secrets.swift in Sources */,
				3ED3DEA52C1E3A3200582860 /* TopBarNavigationTabs.swift in Sources */,
				3E58E0192B3E4FF500E08167 /* TwitterUploadView.swift in Sources */,
				3E58E0172B3E4FE300E08167 /* PhotoUploadView.swift in Sources */,
				3E11C31D2C1B6E9E00014DCE /* FileUploadViewBottomForm.swift in Sources */,
				3E35F0342B6844370049FA55 /* DataUploader.swift in Sources */,
				3EE2E6B22C1A0656008D1DF0 /* UploadFormLocationPicker.swift in Sources */,
				3EE2E6B42C1A06B9008D1DF0 /* PhotoUploadFormBottomButtons.swift in Sources */,
				3E6718F22B52F7A300DDE298 /* PhotosPickerContentTransferrable.swift in Sources */,
				3E921FDE2C290A100051EF32 /* PhotoUploadFormData.swift in Sources */,
				3E921FDC2C2909D70051EF32 /* FileUploadFormData.swift in Sources */,
				3EE212B12C26B52300443CD3 /* VideoFrames.swift in Sources */,
				3EF74DEE2B41CB1B008D7720 /* UploadError.swift in Sources */,
				3E69FA072B67202400F061A9 /* TopBarNetworkManager.swift in Sources */,
				3E04CAAC2C1E375200FEF4F3 /* TopBarPill.swift in Sources */,
				3E21A2CB2C1FC3C1000E3C02 /* TopBarPillOptions.swift in Sources */,
				3E58E0152B3E4FCA00E08167 /* FileUploadView.swift in Sources */,
				3E04CAAA2C1E364000FEF4F3 /* TopBarFakePill.swift in Sources */,
			);
			runOnlyForDeploymentPostprocessing = 0;
		};
		3EEF13532B7BD2480062D8CE /* Sources */ = {
			isa = PBXSourcesBuildPhase;
			buildActionMask = 2147483647;
			files = (
				3EEF135A2B7BD2480062D8CE /* ShareViewController.swift in Sources */,
			);
			runOnlyForDeploymentPostprocessing = 0;
		};
/* End PBXSourcesBuildPhase section */

/* Begin PBXTargetDependency section */
		3EEF13602B7BD2480062D8CE /* PBXTargetDependency */ = {
			isa = PBXTargetDependency;
			target = 3EEF13562B7BD2480062D8CE /* ShareExtension */;
			targetProxy = 3EEF135F2B7BD2480062D8CE /* PBXContainerItemProxy */;
		};
/* End PBXTargetDependency section */

/* Begin XCBuildConfiguration section */
		3EBEA1832AACDB55005A2995 /* Debug */ = {
			isa = XCBuildConfiguration;
			buildSettings = {
				ALWAYS_SEARCH_USER_PATHS = NO;
				ASSETCATALOG_COMPILER_GENERATE_SWIFT_ASSET_SYMBOL_EXTENSIONS = YES;
				CLANG_ANALYZER_NONNULL = YES;
				CLANG_ANALYZER_NUMBER_OBJECT_CONVERSION = YES_AGGRESSIVE;
				CLANG_CXX_LANGUAGE_STANDARD = "gnu++20";
				CLANG_ENABLE_MODULES = YES;
				CLANG_ENABLE_OBJC_ARC = YES;
				CLANG_ENABLE_OBJC_WEAK = YES;
				CLANG_WARN_BLOCK_CAPTURE_AUTORELEASING = YES;
				CLANG_WARN_BOOL_CONVERSION = YES;
				CLANG_WARN_COMMA = YES;
				CLANG_WARN_CONSTANT_CONVERSION = YES;
				CLANG_WARN_DEPRECATED_OBJC_IMPLEMENTATIONS = YES;
				CLANG_WARN_DIRECT_OBJC_ISA_USAGE = YES_ERROR;
				CLANG_WARN_DOCUMENTATION_COMMENTS = YES;
				CLANG_WARN_EMPTY_BODY = YES;
				CLANG_WARN_ENUM_CONVERSION = YES;
				CLANG_WARN_INFINITE_RECURSION = YES;
				CLANG_WARN_INT_CONVERSION = YES;
				CLANG_WARN_NON_LITERAL_NULL_CONVERSION = YES;
				CLANG_WARN_OBJC_IMPLICIT_RETAIN_SELF = YES;
				CLANG_WARN_OBJC_LITERAL_CONVERSION = YES;
				CLANG_WARN_OBJC_ROOT_CLASS = YES_ERROR;
				CLANG_WARN_QUOTED_INCLUDE_IN_FRAMEWORK_HEADER = YES;
				CLANG_WARN_RANGE_LOOP_ANALYSIS = YES;
				CLANG_WARN_STRICT_PROTOTYPES = YES;
				CLANG_WARN_SUSPICIOUS_MOVE = YES;
				CLANG_WARN_UNGUARDED_AVAILABILITY = YES_AGGRESSIVE;
				CLANG_WARN_UNREACHABLE_CODE = YES;
				CLANG_WARN__DUPLICATE_METHOD_MATCH = YES;
				COPY_PHASE_STRIP = NO;
				DEBUG_INFORMATION_FORMAT = dwarf;
				ENABLE_STRICT_OBJC_MSGSEND = YES;
				ENABLE_TESTABILITY = YES;
				ENABLE_USER_SCRIPT_SANDBOXING = YES;
				GCC_C_LANGUAGE_STANDARD = gnu11;
				GCC_DYNAMIC_NO_PIC = NO;
				GCC_NO_COMMON_BLOCKS = YES;
				GCC_OPTIMIZATION_LEVEL = 0;
				GCC_PREPROCESSOR_DEFINITIONS = (
					"DEBUG=1",
					"$(inherited)",
				);
				GCC_WARN_64_TO_32_BIT_CONVERSION = YES;
				GCC_WARN_ABOUT_RETURN_TYPE = YES_ERROR;
				GCC_WARN_UNDECLARED_SELECTOR = YES;
				GCC_WARN_UNINITIALIZED_AUTOS = YES_AGGRESSIVE;
				GCC_WARN_UNUSED_FUNCTION = YES;
				GCC_WARN_UNUSED_VARIABLE = YES;
				IPHONEOS_DEPLOYMENT_TARGET = 16.4;
				MTL_ENABLE_DEBUG_INFO = INCLUDE_SOURCE;
				MTL_FAST_MATH = YES;
				ONLY_ACTIVE_ARCH = YES;
				SDKROOT = iphoneos;
				SWIFT_ACTIVE_COMPILATION_CONDITIONS = DEBUG;
				SWIFT_OPTIMIZATION_LEVEL = "-Onone";
			};
			name = Debug;
		};
		3EBEA1842AACDB55005A2995 /* Release */ = {
			isa = XCBuildConfiguration;
			buildSettings = {
				ALWAYS_SEARCH_USER_PATHS = NO;
				ASSETCATALOG_COMPILER_GENERATE_SWIFT_ASSET_SYMBOL_EXTENSIONS = YES;
				CLANG_ANALYZER_NONNULL = YES;
				CLANG_ANALYZER_NUMBER_OBJECT_CONVERSION = YES_AGGRESSIVE;
				CLANG_CXX_LANGUAGE_STANDARD = "gnu++20";
				CLANG_ENABLE_MODULES = YES;
				CLANG_ENABLE_OBJC_ARC = YES;
				CLANG_ENABLE_OBJC_WEAK = YES;
				CLANG_WARN_BLOCK_CAPTURE_AUTORELEASING = YES;
				CLANG_WARN_BOOL_CONVERSION = YES;
				CLANG_WARN_COMMA = YES;
				CLANG_WARN_CONSTANT_CONVERSION = YES;
				CLANG_WARN_DEPRECATED_OBJC_IMPLEMENTATIONS = YES;
				CLANG_WARN_DIRECT_OBJC_ISA_USAGE = YES_ERROR;
				CLANG_WARN_DOCUMENTATION_COMMENTS = YES;
				CLANG_WARN_EMPTY_BODY = YES;
				CLANG_WARN_ENUM_CONVERSION = YES;
				CLANG_WARN_INFINITE_RECURSION = YES;
				CLANG_WARN_INT_CONVERSION = YES;
				CLANG_WARN_NON_LITERAL_NULL_CONVERSION = YES;
				CLANG_WARN_OBJC_IMPLICIT_RETAIN_SELF = YES;
				CLANG_WARN_OBJC_LITERAL_CONVERSION = YES;
				CLANG_WARN_OBJC_ROOT_CLASS = YES_ERROR;
				CLANG_WARN_QUOTED_INCLUDE_IN_FRAMEWORK_HEADER = YES;
				CLANG_WARN_RANGE_LOOP_ANALYSIS = YES;
				CLANG_WARN_STRICT_PROTOTYPES = YES;
				CLANG_WARN_SUSPICIOUS_MOVE = YES;
				CLANG_WARN_UNGUARDED_AVAILABILITY = YES_AGGRESSIVE;
				CLANG_WARN_UNREACHABLE_CODE = YES;
				CLANG_WARN__DUPLICATE_METHOD_MATCH = YES;
				COPY_PHASE_STRIP = NO;
				DEBUG_INFORMATION_FORMAT = "dwarf-with-dsym";
				ENABLE_NS_ASSERTIONS = NO;
				ENABLE_STRICT_OBJC_MSGSEND = YES;
				ENABLE_USER_SCRIPT_SANDBOXING = YES;
				GCC_C_LANGUAGE_STANDARD = gnu11;
				GCC_NO_COMMON_BLOCKS = YES;
				GCC_WARN_64_TO_32_BIT_CONVERSION = YES;
				GCC_WARN_ABOUT_RETURN_TYPE = YES_ERROR;
				GCC_WARN_UNDECLARED_SELECTOR = YES;
				GCC_WARN_UNINITIALIZED_AUTOS = YES_AGGRESSIVE;
				GCC_WARN_UNUSED_FUNCTION = YES;
				GCC_WARN_UNUSED_VARIABLE = YES;
				IPHONEOS_DEPLOYMENT_TARGET = 16.4;
				MTL_ENABLE_DEBUG_INFO = NO;
				MTL_FAST_MATH = YES;
				SDKROOT = iphoneos;
				SWIFT_COMPILATION_MODE = wholemodule;
				SWIFT_OPTIMIZATION_LEVEL = "-O";
				VALIDATE_PRODUCT = YES;
			};
			name = Release;
		};
		3EBEA1862AACDB55005A2995 /* Debug */ = {
			isa = XCBuildConfiguration;
			buildSettings = {
				ALWAYS_EMBED_SWIFT_STANDARD_LIBRARIES = YES;
				ASSETCATALOG_COMPILER_APPICON_NAME = AppIcon;
				ASSETCATALOG_COMPILER_GLOBAL_ACCENT_COLOR_NAME = AccentColor;
				ASSETCATALOG_COMPILER_INCLUDE_ALL_APPICON_ASSETS = NO;
				CODE_SIGN_STYLE = Automatic;
				CURRENT_PROJECT_VERSION = 1;
				DEVELOPMENT_ASSET_PATHS = "Leitmotif/Preview\\ Content Leitmotif/Fonts/Urbanist.ttf";
				DEVELOPMENT_TEAM = 839U72R654;
				ENABLE_PREVIEWS = YES;
				GENERATE_INFOPLIST_FILE = YES;
				INFOPLIST_FILE = Leitmotif/Info.plist;
				INFOPLIST_KEY_NSLocalNetworkUsageDescription = "Local network access is needed to upload files to servers on your local network.";
				INFOPLIST_KEY_UIApplicationSceneManifest_Generation = YES;
				INFOPLIST_KEY_UIApplicationSupportsIndirectInputEvents = YES;
				INFOPLIST_KEY_UILaunchScreen_Generation = YES;
				INFOPLIST_KEY_UILaunchStoryboardName = "";
				INFOPLIST_KEY_UISupportedInterfaceOrientations = UIInterfaceOrientationPortrait;
				INFOPLIST_KEY_UISupportedInterfaceOrientations_iPad = "UIInterfaceOrientationLandscapeLeft UIInterfaceOrientationLandscapeRight UIInterfaceOrientationPortrait UIInterfaceOrientationPortraitUpsideDown";
				IPHONEOS_DEPLOYMENT_TARGET = 17;
				LD_RUNPATH_SEARCH_PATHS = (
					"$(inherited)",
					"@executable_path/Frameworks",
				);
				MARKETING_VERSION = 1.0;
				PRODUCT_BUNDLE_IDENTIFIER = com.cominatyou.Leitmotif;
				PRODUCT_NAME = "$(TARGET_NAME)";
				SUPPORTED_PLATFORMS = "iphoneos iphonesimulator";
				SUPPORTS_MACCATALYST = NO;
				SUPPORTS_MAC_DESIGNED_FOR_IPHONE_IPAD = NO;
				SUPPORTS_XR_DESIGNED_FOR_IPHONE_IPAD = NO;
				SWIFT_EMIT_LOC_STRINGS = YES;
				SWIFT_VERSION = 5.0;
				TARGETED_DEVICE_FAMILY = 1;
			};
			name = Debug;
		};
		3EBEA1872AACDB55005A2995 /* Release */ = {
			isa = XCBuildConfiguration;
			buildSettings = {
				ALWAYS_EMBED_SWIFT_STANDARD_LIBRARIES = YES;
				ASSETCATALOG_COMPILER_APPICON_NAME = AppIcon;
				ASSETCATALOG_COMPILER_GLOBAL_ACCENT_COLOR_NAME = AccentColor;
				ASSETCATALOG_COMPILER_INCLUDE_ALL_APPICON_ASSETS = NO;
				CODE_SIGN_STYLE = Automatic;
				CURRENT_PROJECT_VERSION = 1;
				DEVELOPMENT_ASSET_PATHS = "Leitmotif/Preview\\ Content Leitmotif/Fonts/Urbanist.ttf";
				DEVELOPMENT_TEAM = 839U72R654;
				ENABLE_PREVIEWS = YES;
				GENERATE_INFOPLIST_FILE = YES;
				INFOPLIST_FILE = Leitmotif/Info.plist;
				INFOPLIST_KEY_NSLocalNetworkUsageDescription = "Local network access is needed to upload files to servers on your local network.";
				INFOPLIST_KEY_UIApplicationSceneManifest_Generation = YES;
				INFOPLIST_KEY_UIApplicationSupportsIndirectInputEvents = YES;
				INFOPLIST_KEY_UILaunchScreen_Generation = YES;
				INFOPLIST_KEY_UILaunchStoryboardName = "";
				INFOPLIST_KEY_UISupportedInterfaceOrientations = UIInterfaceOrientationPortrait;
				INFOPLIST_KEY_UISupportedInterfaceOrientations_iPad = "UIInterfaceOrientationLandscapeLeft UIInterfaceOrientationLandscapeRight UIInterfaceOrientationPortrait UIInterfaceOrientationPortraitUpsideDown";
				IPHONEOS_DEPLOYMENT_TARGET = 17;
				LD_RUNPATH_SEARCH_PATHS = (
					"$(inherited)",
					"@executable_path/Frameworks",
				);
				MARKETING_VERSION = 1.0;
				PRODUCT_BUNDLE_IDENTIFIER = com.cominatyou.Leitmotif;
				PRODUCT_NAME = "$(TARGET_NAME)";
				SUPPORTED_PLATFORMS = "iphoneos iphonesimulator";
				SUPPORTS_MACCATALYST = NO;
				SUPPORTS_MAC_DESIGNED_FOR_IPHONE_IPAD = NO;
				SUPPORTS_XR_DESIGNED_FOR_IPHONE_IPAD = NO;
				SWIFT_EMIT_LOC_STRINGS = YES;
				SWIFT_VERSION = 5.0;
				TARGETED_DEVICE_FAMILY = 1;
			};
			name = Release;
		};
		3EEF13632B7BD2480062D8CE /* Debug */ = {
			isa = XCBuildConfiguration;
			buildSettings = {
				CODE_SIGN_STYLE = Automatic;
				CURRENT_PROJECT_VERSION = 1;
				DEVELOPMENT_TEAM = 839U72R654;
				GCC_C_LANGUAGE_STANDARD = gnu17;
				GENERATE_INFOPLIST_FILE = YES;
				INFOPLIST_FILE = ShareExtension/Info.plist;
				INFOPLIST_KEY_CFBundleDisplayName = ShareExtension;
				INFOPLIST_KEY_NSHumanReadableCopyright = "";
				IPHONEOS_DEPLOYMENT_TARGET = 17.2;
				LD_RUNPATH_SEARCH_PATHS = (
					"$(inherited)",
					"@executable_path/Frameworks",
					"@executable_path/../../Frameworks",
				);
				LOCALIZATION_PREFERS_STRING_CATALOGS = YES;
				MARKETING_VERSION = 1.0;
				PRODUCT_BUNDLE_IDENTIFIER = com.cominatyou.Leitmotif.ShareExtension;
				PRODUCT_NAME = "$(TARGET_NAME)";
				SKIP_INSTALL = YES;
				SWIFT_ACTIVE_COMPILATION_CONDITIONS = "DEBUG $(inherited)";
				SWIFT_EMIT_LOC_STRINGS = YES;
				SWIFT_VERSION = 5.0;
				TARGETED_DEVICE_FAMILY = "1,2";
			};
			name = Debug;
		};
		3EEF13642B7BD2480062D8CE /* Release */ = {
			isa = XCBuildConfiguration;
			buildSettings = {
				CODE_SIGN_STYLE = Automatic;
				CURRENT_PROJECT_VERSION = 1;
				DEVELOPMENT_TEAM = 839U72R654;
				GCC_C_LANGUAGE_STANDARD = gnu17;
				GENERATE_INFOPLIST_FILE = YES;
				INFOPLIST_FILE = ShareExtension/Info.plist;
				INFOPLIST_KEY_CFBundleDisplayName = ShareExtension;
				INFOPLIST_KEY_NSHumanReadableCopyright = "";
				IPHONEOS_DEPLOYMENT_TARGET = 17.2;
				LD_RUNPATH_SEARCH_PATHS = (
					"$(inherited)",
					"@executable_path/Frameworks",
					"@executable_path/../../Frameworks",
				);
				LOCALIZATION_PREFERS_STRING_CATALOGS = YES;
				MARKETING_VERSION = 1.0;
				PRODUCT_BUNDLE_IDENTIFIER = com.cominatyou.Leitmotif.ShareExtension;
				PRODUCT_NAME = "$(TARGET_NAME)";
				SKIP_INSTALL = YES;
				SWIFT_EMIT_LOC_STRINGS = YES;
				SWIFT_VERSION = 5.0;
				TARGETED_DEVICE_FAMILY = "1,2";
			};
			name = Release;
		};
/* End XCBuildConfiguration section */

/* Begin XCConfigurationList section */
		3EBEA1722AACDB54005A2995 /* Build configuration list for PBXProject "Leitmotif" */ = {
			isa = XCConfigurationList;
			buildConfigurations = (
				3EBEA1832AACDB55005A2995 /* Debug */,
				3EBEA1842AACDB55005A2995 /* Release */,
			);
			defaultConfigurationIsVisible = 0;
			defaultConfigurationName = Release;
		};
		3EBEA1852AACDB55005A2995 /* Build configuration list for PBXNativeTarget "Leitmotif" */ = {
			isa = XCConfigurationList;
			buildConfigurations = (
				3EBEA1862AACDB55005A2995 /* Debug */,
				3EBEA1872AACDB55005A2995 /* Release */,
			);
			defaultConfigurationIsVisible = 0;
			defaultConfigurationName = Release;
		};
		3EEF13652B7BD2480062D8CE /* Build configuration list for PBXNativeTarget "ShareExtension" */ = {
			isa = XCConfigurationList;
			buildConfigurations = (
				3EEF13632B7BD2480062D8CE /* Debug */,
				3EEF13642B7BD2480062D8CE /* Release */,
			);
			defaultConfigurationIsVisible = 0;
			defaultConfigurationName = Release;
		};
/* End XCConfigurationList section */

/* Begin XCRemoteSwiftPackageReference section */
		3EA383602B4139AC00530FDE /* XCRemoteSwiftPackageReference "Alamofire" */ = {
			isa = XCRemoteSwiftPackageReference;
			repositoryURL = "https://github.com/Alamofire/Alamofire";
			requirement = {
				kind = upToNextMajorVersion;
				minimumVersion = 5.9.0;
			};
		};
/* End XCRemoteSwiftPackageReference section */

/* Begin XCSwiftPackageProductDependency section */
		3EA383612B4139AC00530FDE /* Alamofire */ = {
			isa = XCSwiftPackageProductDependency;
			package = 3EA383602B4139AC00530FDE /* XCRemoteSwiftPackageReference "Alamofire" */;
			productName = Alamofire;
		};
/* End XCSwiftPackageProductDependency section */
	};
	rootObject = 3EBEA16F2AACDB54005A2995 /* Project object */;
}
